<Solution>
  <Folder Name="/src/">
    <Project Path="src/BlazorSqlite.Abstractions/BlazorSqlite.Abstractions.csproj" />
    <Project Path="src/BlazorSqlite.Data/BlazorSqlite.Data.csproj" />
    <Project Path="src/BlazorSqlite.EntityFrameworkCore/BlazorSqlite.EntityFrameworkCore.csproj" />
    <Project Path="src/BlazorSqlite.Interop/BlazorSqlite.Interop.csproj" />
    <Project Path="src/BlazorSqlite.Js/BlazorSqlite.Js.csproj" />
    <Project Path="src/BlazorSqlite.Storage.Abstractions/BlazorSqlite.Storage.Abstractions.csproj" />
    <Project Path="src/BlazorSqlite.Storage.ConformanceTests/BlazorSqlite.Storage.ConformanceTests.csproj" />
    <Project Path="src/BlazorSqlite.Storage.InMemory/BlazorSqlite.Storage.InMemory.csproj" />
    <Project Path="src/BlazorSqlite.Storage.Opfs/BlazorSqlite.Storage.Opfs.csproj" />
    <Project Path="src/BlazorSqlite.Storage.IndexedDb/BlazorSqlite.Storage.IndexedDb.csproj" />
    <Project Path="src/BlazorSqlite.Storage.CacheStorage/BlazorSqlite.Storage.CacheStorage.csproj" />
    <Project Path="src/BlazorSqlite.Testing/BlazorSqlite.Testing.csproj" />
  </Folder>
  <Folder Name="/tests/">
    <Project Path="tests/BlazorSqlite.Storage.Tests/BlazorSqlite.Storage.Tests.csproj" />
    <Project Path="tests/BlazorSqlite.Interop.Tests/BlazorSqlite.Interop.Tests.csproj" />
    <Project Path="tests/BlazorSqlite.EntityFrameworkCore.Tests/BlazorSqlite.EntityFrameworkCore.Tests.csproj" />
  </Folder>
  <Folder Name="/samples/">
    <Project Path="samples/BlazorSqlite.Samples.Domain/BlazorSqlite.Samples.Domain.csproj" />
    <Project Path="samples/BlazorSqlite.Samples.Data/BlazorSqlite.Samples.Data.csproj" />
    <Project Path="samples/BlazorSqlite.Samples.Server/BlazorSqlite.Samples.Server.csproj" />
    <Project Path="samples/BlazorSqlite.Samples.Client/BlazorSqlite.Samples.Client.csproj" />
  </Folder>
</Solution>
